Microsoft Visual Studio Solution File, Format Version 12.00
# Visual Studio Version 17
VisualStudioVersion = 17.5.2.0
MinimumVisualStudioVersion = 10.0.40219.1
Project("{FAE04EC0-301F-11D3-BF4B-00C04F79EFBC}") = "EmailConsumerApp", "EmailConsumerApp\EmailConsumerApp.csproj", "{C9296F32-E7CE-95B9-4BD3-3C09F3744CF7}"
EndProject
Project("{FAE04EC0-301F-11D3-BF4B-00C04F79EFBC}") = "ProducerApp", "ProducerApp\ProducerApp.csproj", "{13E12E31-F9BB-1A29-E478-F46072972939}"
EndProject
Project("{FAE04EC0-301F-11D3-BF4B-00C04F79EFBC}") = "LoggerConsumerApp", "LoggerConsumerApp\LoggerConsumerApp.csproj", "{0C9906FB-9278-4733-94F0-1749FC5B8CC3}"
EndProject
Project("{2150E333-8FDC-42A3-9474-1A3956D46DE8}") = "UserService", "UserService", "{3296307A-6AE8-4463-BC86-9CDAF565EDA4}"
EndProject
Project("{FAE04EC0-301F-11D3-BF4B-00C04F79EFBC}") = "UserService.Domain", "UserService\UserService.Domain\UserService.Domain.csproj", "{B04D6204-18DF-4442-B3ED-87B34D5C579A}"
EndProject
Project("{FAE04EC0-301F-11D3-BF4B-00C04F79EFBC}") = "UserService.Application", "UserService\UserService.Application\UserService.Application.csproj", "{6CEE0738-C590-4D5D-A522-EB244704BAC2}"
EndProject
Global
	GlobalSection(SolutionConfigurationPlatforms) = preSolution
		Debug|Any CPU = Debug|Any CPU
		Release|Any CPU = Release|Any CPU
	EndGlobalSection
	GlobalSection(ProjectConfigurationPlatforms) = postSolution
		{C9296F32-E7CE-95B9-4BD3-3C09F3744CF7}.Debug|Any CPU.ActiveCfg = Debug|Any CPU
		{C9296F32-E7CE-95B9-4BD3-3C09F3744CF7}.Debug|Any CPU.Build.0 = Debug|Any CPU
		{C9296F32-E7CE-95B9-4BD3-3C09F3744CF7}.Release|Any CPU.ActiveCfg = Release|Any CPU
		{C9296F32-E7CE-95B9-4BD3-3C09F3744CF7}.Release|Any CPU.Build.0 = Release|Any CPU
		{13E12E31-F9BB-1A29-E478-F46072972939}.Debug|Any CPU.ActiveCfg = Debug|Any CPU
		{13E12E31-F9BB-1A29-E478-F46072972939}.Debug|Any CPU.Build.0 = Debug|Any CPU
		{13E12E31-F9BB-1A29-E478-F46072972939}.Release|Any CPU.ActiveCfg = Release|Any CPU
		{13E12E31-F9BB-1A29-E478-F46072972939}.Release|Any CPU.Build.0 = Release|Any CPU
		{0C9906FB-9278-4733-94F0-1749FC5B8CC3}.Debug|Any CPU.ActiveCfg = Debug|Any CPU
		{0C9906FB-9278-4733-94F0-1749FC5B8CC3}.Debug|Any CPU.Build.0 = Debug|Any CPU
		{0C9906FB-9278-4733-94F0-1749FC5B8CC3}.Release|Any CPU.ActiveCfg = Release|Any CPU
		{0C9906FB-9278-4733-94F0-1749FC5B8CC3}.Release|Any CPU.Build.0 = Release|Any CPU
		{43AC527B-E83B-4D06-93B5-96E0FA542D08}.Debug|Any CPU.ActiveCfg = Debug|Any CPU
		{43AC527B-E83B-4D06-93B5-96E0FA542D08}.Debug|Any CPU.Build.0 = Debug|Any CPU
		{43AC527B-E83B-4D06-93B5-96E0FA542D08}.Release|Any CPU.ActiveCfg = Release|Any CPU
		{43AC527B-E83B-4D06-93B5-96E0FA542D08}.Release|Any CPU.Build.0 = Release|Any CPU
		{B04D6204-18DF-4442-B3ED-87B34D5C579A}.Debug|Any CPU.ActiveCfg = Debug|Any CPU
		{B04D6204-18DF-4442-B3ED-87B34D5C579A}.Debug|Any CPU.Build.0 = Debug|Any CPU
		{B04D6204-18DF-4442-B3ED-87B34D5C579A}.Release|Any CPU.ActiveCfg = Release|Any CPU
		{B04D6204-18DF-4442-B3ED-87B34D5C579A}.Release|Any CPU.Build.0 = Release|Any CPU
		{6CEE0738-C590-4D5D-A522-EB244704BAC2}.Debug|Any CPU.ActiveCfg = Debug|Any CPU
		{6CEE0738-C590-4D5D-A522-EB244704BAC2}.Debug|Any CPU.Build.0 = Debug|Any CPU
		{6CEE0738-C590-4D5D-A522-EB244704BAC2}.Release|Any CPU.ActiveCfg = Release|Any CPU
		{6CEE0738-C590-4D5D-A522-EB244704BAC2}.Release|Any CPU.Build.0 = Release|Any CPU
	EndGlobalSection
	GlobalSection(SolutionProperties) = preSolution
		HideSolutionNode = FALSE
	EndGlobalSection
	GlobalSection(ExtensibilityGlobals) = postSolution
		SolutionGuid = {1ACCED68-8366-4A41-AD70-665A46B8E953}
	EndGlobalSection
	GlobalSection(NestedProjects) = preSolution
		{B04D6204-18DF-4442-B3ED-87B34D5C579A} = {3296307A-6AE8-4463-BC86-9CDAF565EDA4}
		{6CEE0738-C590-4D5D-A522-EB244704BAC2} = {3296307A-6AE8-4463-BC86-9CDAF565EDA4}
	EndGlobalSection
EndGlobal
